cffi==2.1.1 --hash=sha256:a931079504ecc49efed7744c476a5c343a92fabf66dec2db95edb1b2fdc770e2
cryptography==50.0.1 --hash=sha256:51afcfceb15597cf2635068e4ac9a56b2abde622edde17f37d85fd7b5306497a
pycparser==3.0 --hash=sha256:b727414169a36b7d524c1c3e31839a521725078d7b2ff038656844266160a992
PyJWT==2.15.0 --hash=sha256:7a3742debf6b879e912dbb9819ceec1594be812452b78c5f2e2dfc56564954f8
