cffi==2.1.1 --hash=sha256:a931079504ecc49efed7744c476a5c343a92fabf66dec2db95edb1b2fdc770e2
cryptography==50.0.1 --hash=sha256:51afcfceb15597cf2635068e4ac9a56b2abde622edde17f37d85fd7b5306497a
jwcrypto==1.6.1 --hash=sha256:77e856818e514cb3d64a1043b6885a7d52f5cc37773f5e944de02103c8d3a54f
pycparser==3.0 --hash=sha256:b727414169a36b7d524c1c3e31839a521725078d7b2ff038656844266160a992
PyYAML==6.0.3 --hash=sha256:0f29edc409a6392443abf94b9cf89ce99889a1dd5376d94316ae5145dfedd5d6
sd-jwt==0.10.4 --hash=sha256:d7ae669eb5d51bceeb38e0df8ab2faddd12e3b21ab64d831b6d048fc1e00ce75
typing_extensions==4.16.0 --hash=sha256:481caa481374e813c1b176ada14e97f1f67a4539ce9cfeb3f350d78d6370c2e8
