{
  "name": "pq-a09-ortam",
  "version": "0.0.0",
  "lockfileVersion": 3,
  "requires": true,
  "packages": {
    "": {
      "name": "pq-a09-ortam",
      "version": "0.0.0",
      "dependencies": {
        "@sd-jwt/core": "0.21.0"
      }
    },
    "node_modules/@owf/identity-common": {
      "version": "0.4.0",
      "resolved": "https://registry.npmjs.org/@owf/identity-common/-/identity-common-0.4.0.tgz",
      "integrity": "sha512-YvbEeIuLE+TlR7wfzsfR3tAzNPFssbZ559QZactwGVunl1zgZG0smzArQwpgc3qNv0LrLdeCBzPd2ZcyfGyDHQ==",
      "license": "Apache-2.0"
    },
    "node_modules/@sd-jwt/core": {
      "version": "0.21.0",
      "resolved": "https://registry.npmjs.org/@sd-jwt/core/-/core-0.21.0.tgz",
      "integrity": "sha512-b4ODdTXT+QvfZkYlu9i8goV3fybdXD7wkOugplO1OyDzPvePelgJlzqT4wjwnBIM+E6ktH4h79XMGKAlJJEq4A==",
      "license": "Apache-2.0",
      "dependencies": {
        "@owf/identity-common": "^0.4.0"
      }
    }
  }
}
